
Microsoft Visual Studio Solution File, Format Version 12.00
# Visual Studio 15
VisualStudioVersion = 15.0.28307.1022
MinimumVisualStudioVersion = 10.0.40219.1
Project("{FAE04EC0-301F-11D3-BF4B-00C04F79EFBC}") = "Emporium.POS.API", "Emporium.POS.API\Emporium.POS.API.csproj", "{2B70F475-2E3D-4E46-ADDB-6AEE55A37980}"
EndProject
Global
	GlobalSection(SolutionConfigurationPlatforms) = preSolution
		Debug|Any CPU = Debug|Any CPU
		Release|Any CPU = Release|Any CPU
	EndGlobalSection
	GlobalSection(ProjectConfigurationPlatforms) = postSolution
		{2B70F475-2E3D-4E46-ADDB-6AEE55A37980}.Debug|Any CPU.ActiveCfg = Debug|Any CPU
		{2B70F475-2E3D-4E46-ADDB-6AEE55A37980}.Debug|Any CPU.Build.0 = Debug|Any CPU
		{2B70F475-2E3D-4E46-ADDB-6AEE55A37980}.Release|Any CPU.ActiveCfg = Release|Any CPU
		{2B70F475-2E3D-4E46-ADDB-6AEE55A37980}.Release|Any CPU.Build.0 = Release|Any CPU
	EndGlobalSection
	GlobalSection(SolutionProperties) = preSolution
		HideSolutionNode = FALSE
	EndGlobalSection
	GlobalSection(ExtensibilityGlobals) = postSolution
		SolutionGuid = {09BA3AF1-D45E-4DB0-82FC-DFAF568064FE}
	EndGlobalSection
EndGlobal
